
Microsoft Visual Studio Solution File, Format Version 12.00
# Visual Studio Version 17
VisualStudioVersion = 17.10.34607.79
MinimumVisualStudioVersion = 10.0.40219.1
Project("{9A19103F-16F7-4668-BE54-9A1E7A4F7556}") = "Publisher", "src\Publisher\Publisher.csproj", "{4420DFD5-DAD3-4BE6-B07F-034336754DBA}"
EndProject
Project("{9A19103F-16F7-4668-BE54-9A1E7A4F7556}") = "Configurations", "src\Configurations\Configurations.csproj", "{FBBF8DF5-CFA2-42DA-88AE-147DC545D62C}"
EndProject
Project("{2150E333-8FDC-42A3-9474-1A3956D46DE8}") = "src", "src", "{2AA381A2-5EC1-4D48-A500-D217EFC400FC}"
EndProject
Project("{9A19103F-16F7-4668-BE54-9A1E7A4F7556}") = "Consumer", "src\Consumer\Consumer.csproj", "{CB8527B1-B293-4708-8966-ED918947799A}"
EndProject
Project("{FAE04EC0-301F-11D3-BF4B-00C04F79EFBC}") = "RequestMachine", "src\RequestMachine\RequestMachine.csproj", "{1E2380CA-82F2-4EB8-B006-57D2AF49D8D9}"
EndProject
Project("{FAE04EC0-301F-11D3-BF4B-00C04F79EFBC}") = "NotificationService", "src\NotificationService\NotificationService.csproj", "{8FFA4468-1657-49D6-AA65-BBEAE233B746}"
EndProject
Global
	GlobalSection(SolutionConfigurationPlatforms) = preSolution
		Debug|Any CPU = Debug|Any CPU
		Release|Any CPU = Release|Any CPU
	EndGlobalSection
	GlobalSection(ProjectConfigurationPlatforms) = postSolution
		{4420DFD5-DAD3-4BE6-B07F-034336754DBA}.Debug|Any CPU.ActiveCfg = Debug|Any CPU
		{4420DFD5-DAD3-4BE6-B07F-034336754DBA}.Debug|Any CPU.Build.0 = Debug|Any CPU
		{4420DFD5-DAD3-4BE6-B07F-034336754DBA}.Release|Any CPU.ActiveCfg = Release|Any CPU
		{4420DFD5-DAD3-4BE6-B07F-034336754DBA}.Release|Any CPU.Build.0 = Release|Any CPU
		{FBBF8DF5-CFA2-42DA-88AE-147DC545D62C}.Debug|Any CPU.ActiveCfg = Debug|Any CPU
		{FBBF8DF5-CFA2-42DA-88AE-147DC545D62C}.Debug|Any CPU.Build.0 = Debug|Any CPU
		{FBBF8DF5-CFA2-42DA-88AE-147DC545D62C}.Release|Any CPU.ActiveCfg = Release|Any CPU
		{FBBF8DF5-CFA2-42DA-88AE-147DC545D62C}.Release|Any CPU.Build.0 = Release|Any CPU
		{CB8527B1-B293-4708-8966-ED918947799A}.Debug|Any CPU.ActiveCfg = Debug|Any CPU
		{CB8527B1-B293-4708-8966-ED918947799A}.Debug|Any CPU.Build.0 = Debug|Any CPU
		{CB8527B1-B293-4708-8966-ED918947799A}.Release|Any CPU.ActiveCfg = Release|Any CPU
		{CB8527B1-B293-4708-8966-ED918947799A}.Release|Any CPU.Build.0 = Release|Any CPU
		{1E2380CA-82F2-4EB8-B006-57D2AF49D8D9}.Debug|Any CPU.ActiveCfg = Debug|Any CPU
		{1E2380CA-82F2-4EB8-B006-57D2AF49D8D9}.Debug|Any CPU.Build.0 = Debug|Any CPU
		{1E2380CA-82F2-4EB8-B006-57D2AF49D8D9}.Release|Any CPU.ActiveCfg = Release|Any CPU
		{1E2380CA-82F2-4EB8-B006-57D2AF49D8D9}.Release|Any CPU.Build.0 = Release|Any CPU
		{8FFA4468-1657-49D6-AA65-BBEAE233B746}.Debug|Any CPU.ActiveCfg = Debug|Any CPU
		{8FFA4468-1657-49D6-AA65-BBEAE233B746}.Debug|Any CPU.Build.0 = Debug|Any CPU
		{8FFA4468-1657-49D6-AA65-BBEAE233B746}.Release|Any CPU.ActiveCfg = Release|Any CPU
		{8FFA4468-1657-49D6-AA65-BBEAE233B746}.Release|Any CPU.Build.0 = Release|Any CPU
	EndGlobalSection
	GlobalSection(SolutionProperties) = preSolution
		HideSolutionNode = FALSE
	EndGlobalSection
	GlobalSection(NestedProjects) = preSolution
		{4420DFD5-DAD3-4BE6-B07F-034336754DBA} = {2AA381A2-5EC1-4D48-A500-D217EFC400FC}
		{FBBF8DF5-CFA2-42DA-88AE-147DC545D62C} = {2AA381A2-5EC1-4D48-A500-D217EFC400FC}
		{CB8527B1-B293-4708-8966-ED918947799A} = {2AA381A2-5EC1-4D48-A500-D217EFC400FC}
		{1E2380CA-82F2-4EB8-B006-57D2AF49D8D9} = {2AA381A2-5EC1-4D48-A500-D217EFC400FC}
		{8FFA4468-1657-49D6-AA65-BBEAE233B746} = {2AA381A2-5EC1-4D48-A500-D217EFC400FC}
	EndGlobalSection
	GlobalSection(ExtensibilityGlobals) = postSolution
		SolutionGuid = {5A1459C8-3507-4ED0-A4E1-06B97B6B4336}
	EndGlobalSection
EndGlobal
