
Microsoft Visual Studio Solution File, Format Version 12.00
Project("{FAE04EC0-301F-11D3-BF4B-00C04F79EFBC}") = "Cookie_", "Cookie_.csproj", "{2BFCFD1E-742D-451A-9AD7-E1D3063E1931}"
EndProject
Global
	GlobalSection(SolutionConfigurationPlatforms) = preSolution
		Debug|Any CPU = Debug|Any CPU
		Release|Any CPU = Release|Any CPU
	EndGlobalSection
	GlobalSection(ProjectConfigurationPlatforms) = postSolution
		{2BFCFD1E-742D-451A-9AD7-E1D3063E1931}.Debug|Any CPU.ActiveCfg = Debug|Any CPU
		{2BFCFD1E-742D-451A-9AD7-E1D3063E1931}.Debug|Any CPU.Build.0 = Debug|Any CPU
		{2BFCFD1E-742D-451A-9AD7-E1D3063E1931}.Release|Any CPU.ActiveCfg = Release|Any CPU
		{2BFCFD1E-742D-451A-9AD7-E1D3063E1931}.Release|Any CPU.Build.0 = Release|Any CPU
	EndGlobalSection
EndGlobal
