
Microsoft Visual Studio Solution File, Format Version 12.00
Project("{FAE04EC0-301F-11D3-BF4B-00C04F79EFBC}") = "Session_", "Session_.csproj", "{326D29F6-1DFB-4140-B7F1-E3A5253E8286}"
EndProject
Global
	GlobalSection(SolutionConfigurationPlatforms) = preSolution
		Debug|Any CPU = Debug|Any CPU
		Release|Any CPU = Release|Any CPU
	EndGlobalSection
	GlobalSection(ProjectConfigurationPlatforms) = postSolution
		{326D29F6-1DFB-4140-B7F1-E3A5253E8286}.Debug|Any CPU.ActiveCfg = Debug|Any CPU
		{326D29F6-1DFB-4140-B7F1-E3A5253E8286}.Debug|Any CPU.Build.0 = Debug|Any CPU
		{326D29F6-1DFB-4140-B7F1-E3A5253E8286}.Release|Any CPU.ActiveCfg = Release|Any CPU
		{326D29F6-1DFB-4140-B7F1-E3A5253E8286}.Release|Any CPU.Build.0 = Release|Any CPU
	EndGlobalSection
EndGlobal
