
Microsoft Visual Studio Solution File, Format Version 12.00
Project("{FAE04EC0-301F-11D3-BF4B-00C04F79EFBC}") = "Inheritance", "Inheritance.csproj", "{838A5006-78CF-4CBF-96B8-1752B8B3795D}"
EndProject
Global
	GlobalSection(SolutionConfigurationPlatforms) = preSolution
		Debug|Any CPU = Debug|Any CPU
		Release|Any CPU = Release|Any CPU
	EndGlobalSection
	GlobalSection(ProjectConfigurationPlatforms) = postSolution
		{838A5006-78CF-4CBF-96B8-1752B8B3795D}.Debug|Any CPU.ActiveCfg = Debug|Any CPU
		{838A5006-78CF-4CBF-96B8-1752B8B3795D}.Debug|Any CPU.Build.0 = Debug|Any CPU
		{838A5006-78CF-4CBF-96B8-1752B8B3795D}.Release|Any CPU.ActiveCfg = Release|Any CPU
		{838A5006-78CF-4CBF-96B8-1752B8B3795D}.Release|Any CPU.Build.0 = Release|Any CPU
	EndGlobalSection
EndGlobal
