
Microsoft Visual Studio Solution File, Format Version 12.00
Project("{FAE04EC0-301F-11D3-BF4B-00C04F79EFBC}") = "AdoNet", "AdoNet.csproj", "{90941391-5B19-46AB-BC4C-29155CC25748}"
EndProject
Global
	GlobalSection(SolutionConfigurationPlatforms) = preSolution
		Debug|Any CPU = Debug|Any CPU
		Release|Any CPU = Release|Any CPU
	EndGlobalSection
	GlobalSection(ProjectConfigurationPlatforms) = postSolution
		{90941391-5B19-46AB-BC4C-29155CC25748}.Debug|Any CPU.ActiveCfg = Debug|Any CPU
		{90941391-5B19-46AB-BC4C-29155CC25748}.Debug|Any CPU.Build.0 = Debug|Any CPU
		{90941391-5B19-46AB-BC4C-29155CC25748}.Release|Any CPU.ActiveCfg = Release|Any CPU
		{90941391-5B19-46AB-BC4C-29155CC25748}.Release|Any CPU.Build.0 = Release|Any CPU
	EndGlobalSection
EndGlobal
