
Microsoft Visual Studio Solution File, Format Version 12.00
Project("{2150E333-8FDC-42A3-9474-1A3956D46DE8}") = "src", "src", "{3F675FBF-E895-495C-B0C1-0D6FDF932B05}"
EndProject
Project("{FAE04EC0-301F-11D3-BF4B-00C04F79EFBC}") = "WebApi", "src\WebApi\WebApi.csproj", "{AB168FF0-A10E-4638-8704-DB0EEC3D85FA}"
EndProject
Global
	GlobalSection(SolutionConfigurationPlatforms) = preSolution
		Debug|Any CPU = Debug|Any CPU
		Release|Any CPU = Release|Any CPU
	EndGlobalSection
	GlobalSection(NestedProjects) = preSolution
		{AB168FF0-A10E-4638-8704-DB0EEC3D85FA} = {3F675FBF-E895-495C-B0C1-0D6FDF932B05}
	EndGlobalSection
	GlobalSection(ProjectConfigurationPlatforms) = postSolution
		{AB168FF0-A10E-4638-8704-DB0EEC3D85FA}.Debug|Any CPU.ActiveCfg = Debug|Any CPU
		{AB168FF0-A10E-4638-8704-DB0EEC3D85FA}.Debug|Any CPU.Build.0 = Debug|Any CPU
		{AB168FF0-A10E-4638-8704-DB0EEC3D85FA}.Release|Any CPU.ActiveCfg = Release|Any CPU
		{AB168FF0-A10E-4638-8704-DB0EEC3D85FA}.Release|Any CPU.Build.0 = Release|Any CPU
	EndGlobalSection
EndGlobal
